// !$*UTF8*$!
{
	archiveVersion = 1;
	classes = {
	};
	objectVersion = 77;
	objects = {

/* Begin PBXBuildFile section */
		7A071B222E82399A00497F94 /* GoogleService-Info.plist in Resources */ = {isa = PBXBuildFile; fileRef = 7A071B212E82399A00497F94 /* GoogleService-Info.plist */; };
		7A071B252E823C9C00497F94 /* FirebaseAnalytics in Frameworks */ = {isa = PBXBuildFile; productRef = 7A071B242E823C9C00497F94 /* FirebaseAnalytics */; };
		7A071B272E823C9C00497F94 /* FirebaseAuth in Frameworks */ = {isa = PBXBuildFile; productRef = 7A071B262E823C9C00497F94 /* FirebaseAuth */; };
		7A071B292E823C9C00497F94 /* FirebaseCore in Frameworks */ = {isa = PBXBuildFile; productRef = 7A071B282E823C9C00497F94 /* FirebaseCore */; };
		7A071B2B2E823C9C00497F94 /* FirebaseFirestore in Frameworks */ = {isa = PBXBuildFile; productRef = 7A071B2A2E823C9C00497F94 /* FirebaseFirestore */; };
		7A071B2D2E823C9C00497F94 /* FirebaseMessaging in Frameworks */ = {isa = PBXBuildFile; productRef = 7A071B2C2E823C9C00497F94 /* FirebaseMessaging */; };
		7A071B2F2E823C9C00497F94 /* FirebaseStorage in Frameworks */ = {isa = PBXBuildFile; productRef = 7A071B2E2E823C9C00497F94 /* FirebaseStorage */; };
/* End PBXBuildFile section */

/* Begin PBXContainerItemProxy section */
		7A071B052E8236EE00497F94 /* PBXContainerItemProxy */ = {
			isa = PBXContainerItemProxy;
			containerPortal = 7A071AEC2E8236EC00497F94 /* Project object */;
			proxyType = 1;
			remoteGlobalIDString = 7A071AF32E8236EC00497F94;
			remoteInfo = "PT-Helper";
		};
		7A071B0F2E8236EE00497F94 /* PBXContainerItemProxy */ = {
			isa = PBXContainerItemProxy;
			containerPortal = 7A071AEC2E8236EC00497F94 /* Project object */;
			proxyType = 1;
			remoteGlobalIDString = 7A071AF32E8236EC00497F94;
			remoteInfo = "PT-Helper";
		};
/* End PBXContainerItemProxy section */

/* Begin PBXFileReference section */
		7A071AF42E8236EC00497F94 /* PT-Helper.app */ = {isa = PBXFileReference; explicitFileType = wrapper.application; includeInIndex = 0; path = "PT-Helper.app"; sourceTree = BUILT_PRODUCTS_DIR; };
		7A071B042E8236EE00497F94 /* PT-HelperTests.xctest */ = {isa = PBXFileReference; explicitFileType = wrapper.cfbundle; includeInIndex = 0; path = "PT-HelperTests.xctest"; sourceTree = BUILT_PRODUCTS_DIR; };
		7A071B0E2E8236EE00497F94 /* PT-HelperUITests.xctest */ = {isa = PBXFileReference; explicitFileType = wrapper.cfbundle; includeInIndex = 0; path = "PT-HelperUITests.xctest"; sourceTree = BUILT_PRODUCTS_DIR; };
		7A071B212E82399A00497F94 /* GoogleService-Info.plist */ = {isa = PBXFileReference; lastKnownFileType = text.plist.xml; path = "GoogleService-Info.plist"; sourceTree = "<group>"; };
/* End PBXFileReference section */

/* Begin PBXFileSystemSynchronizedRootGroup section */
		7A071AF62E8236EC00497F94 /* PT-Helper */ = {
			isa = PBXFileSystemSynchronizedRootGroup;
			path = "PT-Helper";
			sourceTree = "<group>";
		};
		7A071B072E8236EE00497F94 /* PT-HelperTests */ = {
			isa = PBXFileSystemSynchronizedRootGroup;
			path = "PT-HelperTests";
			sourceTree = "<group>";
		};
		7A071B112E8236EE00497F94 /* PT-HelperUITests */ = {
			isa = PBXFileSystemSynchronizedRootGroup;
			path = "PT-HelperUITests";
			sourceTree = "<group>";
		};
/* End PBXFileSystemSynchronizedRootGroup section */

/* Begin PBXFrameworksBuildPhase section */
		7A071AF12E8236EC00497F94 /* Frameworks */ = {
			isa = PBXFrameworksBuildPhase;
			buildActionMask = 2147483647;
			files = (
				7A071B252E823C9C00497F94 /* FirebaseAnalytics in Frameworks */,
				7A071B2B2E823C9C00497F94 /* FirebaseFirestore in Frameworks */,
				7A071B2D2E823C9C00497F94 /* FirebaseMessaging in Frameworks */,
				7A071B292E823C9C00497F94 /* FirebaseCore in Frameworks */,
				7A071B272E823C9C00497F94 /* FirebaseAuth in Frameworks */,
				7A071B2F2E823C9C00497F94 /* FirebaseStorage in Frameworks */,
			);
			runOnlyForDeploymentPostprocessing = 0;
		};
		7A071B012E8236EE00497F94 /* Frameworks */ = {
			isa = PBXFrameworksBuildPhase;
			buildActionMask = 2147483647;
			files = (
			);
			runOnlyForDeploymentPostprocessing = 0;
		};
		7A071B0B2E8236EE00497F94 /* Frameworks */ = {
			isa = PBXFrameworksBuildPhase;
			buildActionMask = 2147483647;
			files = (
			);
			runOnlyForDeploymentPostprocessing = 0;
		};
/* End PBXFrameworksBuildPhase section */

/* Begin PBXGroup section */
		7A071AEB2E8236EC00497F94 = {
			isa = PBXGroup;
			children = (
				7A071AF62E8236EC00497F94 /* PT-Helper */,
				7A071B072E8236EE00497F94 /* PT-HelperTests */,
				7A071B112E8236EE00497F94 /* PT-HelperUITests */,
				7A071AF52E8236EC00497F94 /* Products */,
				7A071B212E82399A00497F94 /* GoogleService-Info.plist */,
			);
			sourceTree = "<group>";
		};
		7A071AF52E8236EC00497F94 /* Products */ = {
			isa = PBXGroup;
			children = (
				7A071AF42E8236EC00497F94 /* PT-Helper.app */,
				7A071B042E8236EE00497F94 /* PT-HelperTests.xctest */,
				7A071B0E2E8236EE00497F94 /* PT-HelperUITests.xctest */,
			);
			name = Products;
			sourceTree = "<group>";
		};
/* End PBXGroup section */

/* Begin PBXNativeTarget section */
		7A071AF32E8236EC00497F94 /* PT-Helper */ = {
			isa = PBXNativeTarget;
			buildConfigurationList = 7A071B182E8236EE00497F94 /* Build configuration list for PBXNativeTarget "PT-Helper" */;
			buildPhases = (
				7A071AF02E8236EC00497F94 /* Sources */,
				7A071AF12E8236EC00497F94 /* Frameworks */,
				7A071AF22E8236EC00497F94 /* Resources */,
			);
			buildRules = (
			);
			dependencies = (
			);
			fileSystemSynchronizedGroups = (
				7A071AF62E8236EC00497F94 /* PT-Helper */,
			);
			name = "PT-Helper";
			packageProductDependencies = (
				7A071B242E823C9C00497F94 /* FirebaseAnalytics */,
				7A071B262E823C9C00497F94 /* FirebaseAuth */,
				7A071B282E823C9C00497F94 /* FirebaseCore */,
				7A071B2A2E823C9C00497F94 /* FirebaseFirestore */,
				7A071B2C2E823C9C00497F94 /* FirebaseMessaging */,
				7A071B2E2E823C9C00497F94 /* FirebaseStorage */,
			);
			productName = "PT-Helper";
			productReference = 7A071AF42E8236EC00497F94 /* PT-Helper.app */;
			productType = "com.apple.product-type.application";
		};
		7A071B032E8236EE00497F94 /* PT-HelperTests */ = {
			isa = PBXNativeTarget;
			buildConfigurationList = 7A071B1B2E8236EE00497F94 /* Build configuration list for PBXNativeTarget "PT-HelperTests" */;
			buildPhases = (
				7A071B002E8236EE00497F94 /* Sources */,
				7A071B012E8236EE00497F94 /* Frameworks */,
				7A071B022E8236EE00497F94 /* Resources */,
			);
			buildRules = (
			);
			dependencies = (
				7A071B062E8236EE00497F94 /* PBXTargetDependency */,
			);
			fileSystemSynchronizedGroups = (
				7A071B072E8236EE00497F94 /* PT-HelperTests */,
			);
			name = "PT-HelperTests";
			packageProductDependencies = (
			);
			productName = "PT-HelperTests";
			productReference = 7A071B042E8236EE00497F94 /* PT-HelperTests.xctest */;
			productType = "com.apple.product-type.bundle.unit-test";
		};
		7A071B0D2E8236EE00497F94 /* PT-HelperUITests */ = {
			isa = PBXNativeTarget;
			buildConfigurationList = 7A071B1E2E8236EE00497F94 /* Build configuration list for PBXNativeTarget "PT-HelperUITests" */;
			buildPhases = (
				7A071B0A2E8236EE00497F94 /* Sources */,
				7A071B0B2E8236EE00497F94 /* Frameworks */,
				7A071B0C2E8236EE00497F94 /* Resources */,
			);
			buildRules = (
			);
			dependencies = (
				7A071B102E8236EE00497F94 /* PBXTargetDependency */,
			);
			fileSystemSynchronizedGroups = (
				7A071B112E8236EE00497F94 /* PT-HelperUITests */,
			);
			name = "PT-HelperUITests";
			packageProductDependencies = (
			);
			productName = "PT-HelperUITests";
			productReference = 7A071B0E2E8236EE00497F94 /* PT-HelperUITests.xctest */;
			productType = "com.apple.product-type.bundle.ui-testing";
		};
/* End PBXNativeTarget section */

/* Begin PBXProject section */
		7A071AEC2E8236EC00497F94 /* Project object */ = {
			isa = PBXProject;
			attributes = {
				BuildIndependentTargetsInParallel = 1;
				LastSwiftUpdateCheck = 1620;
				LastUpgradeCheck = 1620;
				TargetAttributes = {
					7A071AF32E8236EC00497F94 = {
						CreatedOnToolsVersion = 16.2;
					};
					7A071B032E8236EE00497F94 = {
						CreatedOnToolsVersion = 16.2;
						TestTargetID = 7A071AF32E8236EC00497F94;
					};
					7A071B0D2E8236EE00497F94 = {
						CreatedOnToolsVersion = 16.2;
						TestTargetID = 7A071AF32E8236EC00497F94;
					};
				};
			};
			buildConfigurationList = 7A071AEF2E8236EC00497F94 /* Build configuration list for PBXProject "PT-Helper" */;
			developmentRegion = en;
			hasScannedForEncodings = 0;
			knownRegions = (
				en,
				Base,
			);
			mainGroup = 7A071AEB2E8236EC00497F94;
			minimizedProjectReferenceProxies = 1;
			packageReferences = (
				7A071B232E823C9C00497F94 /* XCRemoteSwiftPackageReference "firebase-ios-sdk" */,
			);
			preferredProjectObjectVersion = 77;
			productRefGroup = 7A071AF52E8236EC00497F94 /* Products */;
			projectDirPath = "";
			projectRoot = "";
			targets = (
				7A071AF32E8236EC00497F94 /* PT-Helper */,
				7A071B032E8236EE00497F94 /* PT-HelperTests */,
				7A071B0D2E8236EE00497F94 /* PT-HelperUITests */,
			);
		};
/* End PBXProject section */

/* Begin PBXResourcesBuildPhase section */
		7A071AF22E8236EC00497F94 /* Resources */ = {
			isa = PBXResourcesBuildPhase;
			buildActionMask = 2147483647;
			files = (
				7A071B222E82399A00497F94 /* GoogleService-Info.plist in Resources */,
			);
			runOnlyForDeploymentPostprocessing = 0;
		};
		7A071B022E8236EE00497F94 /* Resources */ = {
			isa = PBXResourcesBuildPhase;
			buildActionMask = 2147483647;
			files = (
			);
			runOnlyForDeploymentPostprocessing = 0;
		};
		7A071B0C2E8236EE00497F94 /* Resources */ = {
			isa = PBXResourcesBuildPhase;
			buildActionMask = 2147483647;
			files = (
			);
			runOnlyForDeploymentPostprocessing = 0;
		};
/* End PBXResourcesBuildPhase section */

/* Begin PBXSourcesBuildPhase section */
		7A071AF02E8236EC00497F94 /* Sources */ = {
			isa = PBXSourcesBuildPhase;
			buildActionMask = 2147483647;
			files = (
			);
			runOnlyForDeploymentPostprocessing = 0;
		};
		7A071B002E8236EE00497F94 /* Sources */ = {
			isa = PBXSourcesBuildPhase;
			buildActionMask = 2147483647;
			files = (
			);
			runOnlyForDeploymentPostprocessing = 0;
		};
		7A071B0A2E8236EE00497F94 /* Sources */ = {
			isa = PBXSourcesBuildPhase;
			buildActionMask = 2147483647;
			files = (
			);
			runOnlyForDeploymentPostprocessing = 0;
		};
/* End PBXSourcesBuildPhase section */

/* Begin PBXTargetDependency section */
		7A071B062E8236EE00497F94 /* PBXTargetDependency */ = {
			isa = PBXTargetDependency;
			target = 7A071AF32E8236EC00497F94 /* PT-Helper */;
			targetProxy = 7A071B052E8236EE00497F94 /* PBXContainerItemProxy */;
		};
		7A071B102E8236EE00497F94 /* PBXTargetDependency */ = {
			isa = PBXTargetDependency;
			target = 7A071AF32E8236EC00497F94 /* PT-Helper */;
			targetProxy = 7A071B0F2E8236EE00497F94 /* PBXContainerItemProxy */;
		};
/* End PBXTargetDependency section */

/* Begin XCBuildConfiguration section */
		7A071B162E8236EE00497F94 /* Debug */ = {
			isa = XCBuildConfiguration;
			buildSettings = {
				ALWAYS_SEARCH_USER_PATHS = NO;
				ASSETCATALOG_COMPILER_GENERATE_SWIFT_ASSET_SYMBOL_EXTENSIONS = YES;
				CLANG_ANALYZER_NONNULL = YES;
				CLANG_ANALYZER_NUMBER_OBJECT_CONVERSION = YES_AGGRESSIVE;
				CLANG_CXX_LANGUAGE_STANDARD = "gnu++20";
				CLANG_ENABLE_MODULES = YES;
				CLANG_ENABLE_OBJC_ARC = YES;
				CLANG_ENABLE_OBJC_WEAK = YES;
				CLANG_WARN_BLOCK_CAPTURE_AUTORELEASING = YES;
				CLANG_WARN_BOOL_CONVERSION = YES;
				CLANG_WARN_COMMA = YES;
				CLANG_WARN_CONSTANT_CONVERSION = YES;
				CLANG_WARN_DEPRECATED_OBJC_IMPLEMENTATIONS = YES;
				CLANG_WARN_DIRECT_OBJC_ISA_USAGE = YES_ERROR;
				CLANG_WARN_DOCUMENTATION_COMMENTS = YES;
				CLANG_WARN_EMPTY_BODY = YES;
				CLANG_WARN_ENUM_CONVERSION = YES;
				CLANG_WARN_INFINITE_RECURSION = YES;
				CLANG_WARN_INT_CONVERSION = YES;
				CLANG_WARN_NON_LITERAL_NULL_CONVERSION = YES;
				CLANG_WARN_OBJC_IMPLICIT_RETAIN_SELF = YES;
				CLANG_WARN_OBJC_LITERAL_CONVERSION = YES;
				CLANG_WARN_OBJC_ROOT_CLASS = YES_ERROR;
				CLANG_WARN_QUOTED_INCLUDE_IN_FRAMEWORK_HEADER = YES;
				CLANG_WARN_RANGE_LOOP_ANALYSIS = YES;
				CLANG_WARN_STRICT_PROTOTYPES = YES;
				CLANG_WARN_SUSPICIOUS_MOVE = YES;
				CLANG_WARN_UNGUARDED_AVAILABILITY = YES_AGGRESSIVE;
				CLANG_WARN_UNREACHABLE_CODE = YES;
				CLANG_WARN__DUPLICATE_METHOD_MATCH = YES;
				COPY_PHASE_STRIP = NO;
				DEBUG_INFORMATION_FORMAT = dwarf;
				ENABLE_STRICT_OBJC_MSGSEND = YES;
				ENABLE_TESTABILITY = YES;
				ENABLE_USER_SCRIPT_SANDBOXING = YES;
				GCC_C_LANGUAGE_STANDARD = gnu17;
				GCC_DYNAMIC_NO_PIC = NO;
				GCC_NO_COMMON_BLOCKS = YES;
				GCC_OPTIMIZATION_LEVEL = 0;
				GCC_PREPROCESSOR_DEFINITIONS = (
					"DEBUG=1",
					"$(inherited)",
				);
				GCC_WARN_64_TO_32_BIT_CONVERSION = YES;
				GCC_WARN_ABOUT_RETURN_TYPE = YES_ERROR;
				GCC_WARN_UNDECLARED_SELECTOR = YES;
				GCC_WARN_UNINITIALIZED_AUTOS = YES_AGGRESSIVE;
				GCC_WARN_UNUSED_FUNCTION = YES;
				GCC_WARN_UNUSED_VARIABLE = YES;
				IPHONEOS_DEPLOYMENT_TARGET = 18.2;
				LOCALIZATION_PREFERS_STRING_CATALOGS = YES;
				MTL_ENABLE_DEBUG_INFO = INCLUDE_SOURCE;
				MTL_FAST_MATH = YES;
				ONLY_ACTIVE_ARCH = YES;
				SDKROOT = iphoneos;
				SWIFT_ACTIVE_COMPILATION_CONDITIONS = "DEBUG $(inherited)";
				SWIFT_OPTIMIZATION_LEVEL = "-Onone";
			};
			name = Debug;
		};
		7A071B172E8236EE00497F94 /* Release */ = {
			isa = XCBuildConfiguration;
			buildSettings = {
				ALWAYS_SEARCH_USER_PATHS = NO;
				ASSETCATALOG_COMPILER_GENERATE_SWIFT_ASSET_SYMBOL_EXTENSIONS = YES;
				CLANG_ANALYZER_NONNULL = YES;
				CLANG_ANALYZER_NUMBER_OBJECT_CONVERSION = YES_AGGRESSIVE;
				CLANG_CXX_LANGUAGE_STANDARD = "gnu++20";
				CLANG_ENABLE_MODULES = YES;
				CLANG_ENABLE_OBJC_ARC = YES;
				CLANG_ENABLE_OBJC_WEAK = YES;
				CLANG_WARN_BLOCK_CAPTURE_AUTORELEASING = YES;
				CLANG_WARN_BOOL_CONVERSION = YES;
				CLANG_WARN_COMMA = YES;
				CLANG_WARN_CONSTANT_CONVERSION = YES;
				CLANG_WARN_DEPRECATED_OBJC_IMPLEMENTATIONS = YES;
				CLANG_WARN_DIRECT_OBJC_ISA_USAGE = YES_ERROR;
				CLANG_WARN_DOCUMENTATION_COMMENTS = YES;
				CLANG_WARN_EMPTY_BODY = YES;
				CLANG_WARN_ENUM_CONVERSION = YES;
				CLANG_WARN_INFINITE_RECURSION = YES;
				CLANG_WARN_INT_CONVERSION = YES;
				CLANG_WARN_NON_LITERAL_NULL_CONVERSION = YES;
				CLANG_WARN_OBJC_IMPLICIT_RETAIN_SELF = YES;
				CLANG_WARN_OBJC_LITERAL_CONVERSION = YES;
				CLANG_WARN_OBJC_ROOT_CLASS = YES_ERROR;
				CLANG_WARN_QUOTED_INCLUDE_IN_FRAMEWORK_HEADER = YES;
				CLANG_WARN_RANGE_LOOP_ANALYSIS = YES;
				CLANG_WARN_STRICT_PROTOTYPES = YES;
				CLANG_WARN_SUSPICIOUS_MOVE = YES;
				CLANG_WARN_UNGUARDED_AVAILABILITY = YES_AGGRESSIVE;
				CLANG_WARN_UNREACHABLE_CODE = YES;
				CLANG_WARN__DUPLICATE_METHOD_MATCH = YES;
				COPY_PHASE_STRIP = NO;
				DEBUG_INFORMATION_FORMAT = "dwarf-with-dsym";
				ENABLE_NS_ASSERTIONS = NO;
				ENABLE_STRICT_OBJC_MSGSEND = YES;
				ENABLE_USER_SCRIPT_SANDBOXING = YES;
				GCC_C_LANGUAGE_STANDARD = gnu17;
				GCC_NO_COMMON_BLOCKS = YES;
				GCC_WARN_64_TO_32_BIT_CONVERSION = YES;
				GCC_WARN_ABOUT_RETURN_TYPE = YES_ERROR;
				GCC_WARN_UNDECLARED_SELECTOR = YES;
				GCC_WARN_UNINITIALIZED_AUTOS = YES_AGGRESSIVE;
				GCC_WARN_UNUSED_FUNCTION = YES;
				GCC_WARN_UNUSED_VARIABLE = YES;
				IPHONEOS_DEPLOYMENT_TARGET = 18.2;
				LOCALIZATION_PREFERS_STRING_CATALOGS = YES;
				MTL_ENABLE_DEBUG_INFO = NO;
				MTL_FAST_MATH = YES;
				SDKROOT = iphoneos;
				SWIFT_COMPILATION_MODE = wholemodule;
				VALIDATE_PRODUCT = YES;
			};
			name = Release;
		};
		7A071B192E8236EE00497F94 /* Debug */ = {
			isa = XCBuildConfiguration;
			buildSettings = {
				ASSETCATALOG_COMPILER_APPICON_NAME = AppIcon;
				ASSETCATALOG_COMPILER_GLOBAL_ACCENT_COLOR_NAME = AccentColor;
				CODE_SIGN_ENTITLEMENTS = "PT-Helper/PT-Helper.entitlements";
				CODE_SIGN_STYLE = Automatic;
				CURRENT_PROJECT_VERSION = 1;
				DEVELOPMENT_ASSET_PATHS = "\"PT-Helper/Preview Content\"";
				DEVELOPMENT_TEAM = AU2F3537YZ;
				ENABLE_PREVIEWS = YES;
				GENERATE_INFOPLIST_FILE = YES;
				INFOPLIST_KEY_UIApplicationSceneManifest_Generation = YES;
				INFOPLIST_KEY_UIApplicationSupportsIndirectInputEvents = YES;
				INFOPLIST_KEY_UILaunchScreen_Generation = YES;
				INFOPLIST_KEY_UISupportedInterfaceOrientations_iPad = "UIInterfaceOrientationPortrait UIInterfaceOrientationPortraitUpsideDown UIInterfaceOrientationLandscapeLeft UIInterfaceOrientationLandscapeRight";
				INFOPLIST_KEY_UISupportedInterfaceOrientations_iPhone = "UIInterfaceOrientationPortrait UIInterfaceOrientationLandscapeLeft UIInterfaceOrientationLandscapeRight";
				LD_RUNPATH_SEARCH_PATHS = (
					"$(inherited)",
					"@executable_path/Frameworks",
				);
				MARKETING_VERSION = 1.0;
				PRODUCT_BUNDLE_IDENTIFIER = com.yourorg.PTHelper.dev;
				PRODUCT_NAME = "$(TARGET_NAME)";
				SWIFT_EMIT_LOC_STRINGS = YES;
				SWIFT_VERSION = 5.0;
				TARGETED_DEVICE_FAMILY = "1,2";
			};
			name = Debug;
		};
		7A071B1A2E8236EE00497F94 /* Release */ = {
			isa = XCBuildConfiguration;
			buildSettings = {
				ASSETCATALOG_COMPILER_APPICON_NAME = AppIcon;
				ASSETCATALOG_COMPILER_GLOBAL_ACCENT_COLOR_NAME = AccentColor;
				CODE_SIGN_ENTITLEMENTS = "PT-Helper/PT-Helper.entitlements";
				CODE_SIGN_STYLE = Automatic;
				CURRENT_PROJECT_VERSION = 1;
				DEVELOPMENT_ASSET_PATHS = "\"PT-Helper/Preview Content\"";
				DEVELOPMENT_TEAM = AU2F3537YZ;
				ENABLE_PREVIEWS = YES;
				GENERATE_INFOPLIST_FILE = YES;
				INFOPLIST_KEY_UIApplicationSceneManifest_Generation = YES;
				INFOPLIST_KEY_UIApplicationSupportsIndirectInputEvents = YES;
				INFOPLIST_KEY_UILaunchScreen_Generation = YES;
				INFOPLIST_KEY_UISupportedInterfaceOrientations_iPad = "UIInterfaceOrientationPortrait UIInterfaceOrientationPortraitUpsideDown UIInterfaceOrientationLandscapeLeft UIInterfaceOrientationLandscapeRight";
				INFOPLIST_KEY_UISupportedInterfaceOrientations_iPhone = "UIInterfaceOrientationPortrait UIInterfaceOrientationLandscapeLeft UIInterfaceOrientationLandscapeRight";
				LD_RUNPATH_SEARCH_PATHS = (
					"$(inherited)",
					"@executable_path/Frameworks",
				);
				MARKETING_VERSION = 1.0;
				PRODUCT_BUNDLE_IDENTIFIER = com.yourorg.PTHelper.dev;
				PRODUCT_NAME = "$(TARGET_NAME)";
				SWIFT_EMIT_LOC_STRINGS = YES;
				SWIFT_VERSION = 5.0;
				TARGETED_DEVICE_FAMILY = "1,2";
			};
			name = Release;
		};
		7A071B1C2E8236EE00497F94 /* Debug */ = {
			isa = XCBuildConfiguration;
			buildSettings = {
				BUNDLE_LOADER = "$(TEST_HOST)";
				CODE_SIGN_STYLE = Automatic;
				CURRENT_PROJECT_VERSION = 1;
				DEVELOPMENT_TEAM = AU2F3537YZ;
				GENERATE_INFOPLIST_FILE = YES;
				IPHONEOS_DEPLOYMENT_TARGET = 18.2;
				MARKETING_VERSION = 1.0;
				PRODUCT_BUNDLE_IDENTIFIER = "com.yourorg.PT-HelperTests";
				PRODUCT_NAME = "$(TARGET_NAME)";
				SWIFT_EMIT_LOC_STRINGS = NO;
				SWIFT_VERSION = 5.0;
				TARGETED_DEVICE_FAMILY = "1,2";
				TEST_HOST = "$(BUILT_PRODUCTS_DIR)/PT-Helper.app/$(BUNDLE_EXECUTABLE_FOLDER_PATH)/PT-Helper";
			};
			name = Debug;
		};
		7A071B1D2E8236EE00497F94 /* Release */ = {
			isa = XCBuildConfiguration;
			buildSettings = {
				BUNDLE_LOADER = "$(TEST_HOST)";
				CODE_SIGN_STYLE = Automatic;
				CURRENT_PROJECT_VERSION = 1;
				DEVELOPMENT_TEAM = AU2F3537YZ;
				GENERATE_INFOPLIST_FILE = YES;
				IPHONEOS_DEPLOYMENT_TARGET = 18.2;
				MARKETING_VERSION = 1.0;
				PRODUCT_BUNDLE_IDENTIFIER = "com.yourorg.PT-HelperTests";
				PRODUCT_NAME = "$(TARGET_NAME)";
				SWIFT_EMIT_LOC_STRINGS = NO;
				SWIFT_VERSION = 5.0;
				TARGETED_DEVICE_FAMILY = "1,2";
				TEST_HOST = "$(BUILT_PRODUCTS_DIR)/PT-Helper.app/$(BUNDLE_EXECUTABLE_FOLDER_PATH)/PT-Helper";
			};
			name = Release;
		};
		7A071B1F2E8236EE00497F94 /* Debug */ = {
			isa = XCBuildConfiguration;
			buildSettings = {
				CODE_SIGN_STYLE = Automatic;
				CURRENT_PROJECT_VERSION = 1;
				DEVELOPMENT_TEAM = AU2F3537YZ;
				GENERATE_INFOPLIST_FILE = YES;
				MARKETING_VERSION = 1.0;
				PRODUCT_BUNDLE_IDENTIFIER = "com.yourorg.PT-HelperUITests";
				PRODUCT_NAME = "$(TARGET_NAME)";
				SWIFT_EMIT_LOC_STRINGS = NO;
				SWIFT_VERSION = 5.0;
				TARGETED_DEVICE_FAMILY = "1,2";
				TEST_TARGET_NAME = "PT-Helper";
			};
			name = Debug;
		};
		7A071B202E8236EE00497F94 /* Release */ = {
			isa = XCBuildConfiguration;
			buildSettings = {
				CODE_SIGN_STYLE = Automatic;
				CURRENT_PROJECT_VERSION = 1;
				DEVELOPMENT_TEAM = AU2F3537YZ;
				GENERATE_INFOPLIST_FILE = YES;
				MARKETING_VERSION = 1.0;
				PRODUCT_BUNDLE_IDENTIFIER = "com.yourorg.PT-HelperUITests";
				PRODUCT_NAME = "$(TARGET_NAME)";
				SWIFT_EMIT_LOC_STRINGS = NO;
				SWIFT_VERSION = 5.0;
				TARGETED_DEVICE_FAMILY = "1,2";
				TEST_TARGET_NAME = "PT-Helper";
			};
			name = Release;
		};
/* End XCBuildConfiguration section */

/* Begin XCConfigurationList section */
		7A071AEF2E8236EC00497F94 /* Build configuration list for PBXProject "PT-Helper" */ = {
			isa = XCConfigurationList;
			buildConfigurations = (
				7A071B162E8236EE00497F94 /* Debug */,
				7A071B172E8236EE00497F94 /* Release */,
			);
			defaultConfigurationIsVisible = 0;
			defaultConfigurationName = Release;
		};
		7A071B182E8236EE00497F94 /* Build configuration list for PBXNativeTarget "PT-Helper" */ = {
			isa = XCConfigurationList;
			buildConfigurations = (
				7A071B192E8236EE00497F94 /* Debug */,
				7A071B1A2E8236EE00497F94 /* Release */,
			);
			defaultConfigurationIsVisible = 0;
			defaultConfigurationName = Release;
		};
		7A071B1B2E8236EE00497F94 /* Build configuration list for PBXNativeTarget "PT-HelperTests" */ = {
			isa = XCConfigurationList;
			buildConfigurations = (
				7A071B1C2E8236EE00497F94 /* Debug */,
				7A071B1D2E8236EE00497F94 /* Release */,
			);
			defaultConfigurationIsVisible = 0;
			defaultConfigurationName = Release;
		};
		7A071B1E2E8236EE00497F94 /* Build configuration list for PBXNativeTarget "PT-HelperUITests" */ = {
			isa = XCConfigurationList;
			buildConfigurations = (
				7A071B1F2E8236EE00497F94 /* Debug */,
				7A071B202E8236EE00497F94 /* Release */,
			);
			defaultConfigurationIsVisible = 0;
			defaultConfigurationName = Release;
		};
/* End XCConfigurationList section */

/* Begin XCRemoteSwiftPackageReference section */
		7A071B232E823C9C00497F94 /* XCRemoteSwiftPackageReference "firebase-ios-sdk" */ = {
			isa = XCRemoteSwiftPackageReference;
			repositoryURL = "https://github.com/firebase/firebase-ios-sdk";
			requirement = {
				kind = upToNextMajorVersion;
				minimumVersion = 12.3.0;
			};
		};
/* End XCRemoteSwiftPackageReference section */

/* Begin XCSwiftPackageProductDependency section */
		7A071B242E823C9C00497F94 /* FirebaseAnalytics */ = {
			isa = XCSwiftPackageProductDependency;
			package = 7A071B232E823C9C00497F94 /* XCRemoteSwiftPackageReference "firebase-ios-sdk" */;
			productName = FirebaseAnalytics;
		};
		7A071B262E823C9C00497F94 /* FirebaseAuth */ = {
			isa = XCSwiftPackageProductDependency;
			package = 7A071B232E823C9C00497F94 /* XCRemoteSwiftPackageReference "firebase-ios-sdk" */;
			productName = FirebaseAuth;
		};
		7A071B282E823C9C00497F94 /* FirebaseCore */ = {
			isa = XCSwiftPackageProductDependency;
			package = 7A071B232E823C9C00497F94 /* XCRemoteSwiftPackageReference "firebase-ios-sdk" */;
			productName = FirebaseCore;
		};
		7A071B2A2E823C9C00497F94 /* FirebaseFirestore */ = {
			isa = XCSwiftPackageProductDependency;
			package = 7A071B232E823C9C00497F94 /* XCRemoteSwiftPackageReference "firebase-ios-sdk" */;
			productName = FirebaseFirestore;
		};
		7A071B2C2E823C9C00497F94 /* FirebaseMessaging */ = {
			isa = XCSwiftPackageProductDependency;
			package = 7A071B232E823C9C00497F94 /* XCRemoteSwiftPackageReference "firebase-ios-sdk" */;
			productName = FirebaseMessaging;
		};
		7A071B2E2E823C9C00497F94 /* FirebaseStorage */ = {
			isa = XCSwiftPackageProductDependency;
			package = 7A071B232E823C9C00497F94 /* XCRemoteSwiftPackageReference "firebase-ios-sdk" */;
			productName = FirebaseStorage;
		};
/* End XCSwiftPackageProductDependency section */
	};
	rootObject = 7A071AEC2E8236EC00497F94 /* Project object */;
}
